<?xml version="1.0" encoding="utf-8"?>
<Project ToolsVersion="4.0" xmlns="http://schemas.microsoft.com/developer/msbuild/2003">
  <ItemGroup>
    <Filter Include="unnamed">
      <UniqueIdentifier>{0D6CB23A-794B-31D6-8263-BCACEEC19737}</UniqueIdentifier>
    </Filter>
    <Filter Include="unnamed\Core">
      <UniqueIdentifier>{8520E2C8-7183-716D-1A09-AA23064B3DF0}</UniqueIdentifier>
    </Filter>
    <Filter Include="unnamed\Core\Application">
      <UniqueIdentifier>{C84B2F0A-B470-7E8A-DDBB-631AC93F7DA8}</UniqueIdentifier>
    </Filter>
    <Filter Include="unnamed\Core\Codes">
      <UniqueIdentifier>{82249922-6E08-5A78-D768-54CBC36B44FA}</UniqueIdentifier>
    </Filter>
    <Filter Include="unnamed\Core\Log">
      <UniqueIdentifier>{D6F273B6-C2EB-9208-EB1D-788DD7757214}</UniqueIdentifier>
    </Filter>
    <Filter Include="unnamed\Events">
      <UniqueIdentifier>{51670E8F-3D35-0295-26C9-72BB1236DEF9}</UniqueIdentifier>
    </Filter>
  </ItemGroup>
  <ItemGroup>
    <ClInclude Include="src\Unnamed.h" />
    <ClInclude Include="src\unnamed\Core\Application\Application.h">
      <Filter>unnamed\Core\Application</Filter>
    </ClInclude>
    <ClInclude Include="src\unnamed\Core\Base.h">
      <Filter>unnamed\Core</Filter>
    </ClInclude>
    <ClInclude Include="src\unnamed\Core\Codes\KeyCodes.h">
      <Filter>unnamed\Core\Codes</Filter>
    </ClInclude>
    <ClInclude Include="src\unnamed\Core\Codes\MouseCodes.h">
      <Filter>unnamed\Core\Codes</Filter>
    </ClInclude>
    <ClInclude Include="src\unnamed\Core\Log\Log.h">
      <Filter>unnamed\Core\Log</Filter>
    </ClInclude>
    <ClInclude Include="src\unnamed\EntryPoint.h">
      <Filter>unnamed</Filter>
    </ClInclude>
    <ClInclude Include="src\unnamed\Events\ApplicationEvent.h">
      <Filter>unnamed\Events</Filter>
    </ClInclude>
    <ClInclude Include="src\unnamed\Events\Event.h">
      <Filter>unnamed\Events</Filter>
    </ClInclude>
    <ClInclude Include="src\unnamed\Events\KeyEvent.h">
      <Filter>unnamed\Events</Filter>
    </ClInclude>
    <ClInclude Include="src\unnamed\Events\MouseEvent.h">
      <Filter>unnamed\Events</Filter>
    </ClInclude>
    <ClInclude Include="src\upch.h" />
  </ItemGroup>
  <ItemGroup>
    <ClCompile Include="src\unnamed\Core\Application\Application.cpp">
      <Filter>unnamed\Core\Application</Filter>
    </ClCompile>
    <ClCompile Include="src\unnamed\Core\Log\Log.cpp">
      <Filter>unnamed\Core\Log</Filter>
    </ClCompile>
    <ClCompile Include="src\upch.cpp" />
  </ItemGroup>
</Project>